// !$*UTF8*$!
{
	archiveVersion = 1;
	classes = {
	};
	objectVersion = 46;
	objects = {

/* Begin PBXBuildFile section */
		4567A48119445F83004F888E /* AppDelegate.swift in Sources */ = {isa = PBXBuildFile; fileRef = 4567A48019445F83004F888E /* AppDelegate.swift */; };
		4567A48319445F83004F888E /* ViewController.swift in Sources */ = {isa = PBXBuildFile; fileRef = 4567A48219445F83004F888E /* ViewController.swift */; };
		4567A48619445F83004F888E /* Main.storyboard in Resources */ = {isa = PBXBuildFile; fileRef = 4567A48419445F83004F888E /* Main.storyboard */; };
		4567A48819445F83004F888E /* Images.xcassets in Resources */ = {isa = PBXBuildFile; fileRef = 4567A48719445F83004F888E /* Images.xcassets */; };
		4567A49419445F83004F888E /* Matchismo_SwiftTests.swift in Sources */ = {isa = PBXBuildFile; fileRef = 4567A49319445F83004F888E /* Matchismo_SwiftTests.swift */; };
		4567A4AC1944604C004F888E /* PlayingCard.swift in Sources */ = {isa = PBXBuildFile; fileRef = 4567A4AB1944604C004F888E /* PlayingCard.swift */; };
		4567A4AE194460AE004F888E /* Card.swift in Sources */ = {isa = PBXBuildFile; fileRef = 4567A4AD194460AE004F888E /* Card.swift */; };
/* End PBXBuildFile section */

/* Begin PBXContainerItemProxy section */
		4567A48E19445F83004F888E /* PBXContainerItemProxy */ = {
			isa = PBXContainerItemProxy;
			containerPortal = 4567A47319445F83004F888E /* Project object */;
			proxyType = 1;
			remoteGlobalIDString = 4567A47A19445F83004F888E;
			remoteInfo = "Matchismo-Swift";
		};
/* End PBXContainerItemProxy section */

/* Begin PBXFileReference section */
		4567A47B19445F83004F888E /* Matchismo-Swift.app */ = {isa = PBXFileReference; explicitFileType = wrapper.application; includeInIndex = 0; path = "Matchismo-Swift.app"; sourceTree = BUILT_PRODUCTS_DIR; };
		4567A47F19445F83004F888E /* Info.plist */ = {isa = PBXFileReference; lastKnownFileType = text.plist.xml; path = Info.plist; sourceTree = "<group>"; };
		4567A48019445F83004F888E /* AppDelegate.swift */ = {isa = PBXFileReference; lastKnownFileType = sourcecode.swift; path = AppDelegate.swift; sourceTree = "<group>"; };
		4567A48219445F83004F888E /* ViewController.swift */ = {isa = PBXFileReference; lastKnownFileType = sourcecode.swift; path = ViewController.swift; sourceTree = "<group>"; };
		4567A48519445F83004F888E /* Base */ = {isa = PBXFileReference; lastKnownFileType = file.storyboard; name = Base; path = Base.lproj/Main.storyboard; sourceTree = "<group>"; };
		4567A48719445F83004F888E /* Images.xcassets */ = {isa = PBXFileReference; lastKnownFileType = folder.assetcatalog; path = Images.xcassets; sourceTree = "<group>"; };
		4567A48D19445F83004F888E /* Matchismo-SwiftTests.xctest */ = {isa = PBXFileReference; explicitFileType = wrapper.cfbundle; includeInIndex = 0; path = "Matchismo-SwiftTests.xctest"; sourceTree = BUILT_PRODUCTS_DIR; };
		4567A49219445F83004F888E /* Info.plist */ = {isa = PBXFileReference; lastKnownFileType = text.plist.xml; path = Info.plist; sourceTree = "<group>"; };
		4567A49319445F83004F888E /* Matchismo_SwiftTests.swift */ = {isa = PBXFileReference; lastKnownFileType = sourcecode.swift; path = Matchismo_SwiftTests.swift; sourceTree = "<group>"; };
		4567A4AB1944604C004F888E /* PlayingCard.swift */ = {isa = PBXFileReference; fileEncoding = 4; lastKnownFileType = sourcecode.swift; name = PlayingCard.swift; path = Model/PlayingCard.swift; sourceTree = "<group>"; };
		4567A4AD194460AE004F888E /* Card.swift */ = {isa = PBXFileReference; fileEncoding = 4; lastKnownFileType = sourcecode.swift; name = Card.swift; path = Model/Card.swift; sourceTree = "<group>"; };
/* End PBXFileReference section */

/* Begin PBXFrameworksBuildPhase section */
		4567A47819445F83004F888E /* Frameworks */ = {
			isa = PBXFrameworksBuildPhase;
			buildActionMask = 2147483647;
			files = (
			);
			runOnlyForDeploymentPostprocessing = 0;
		};
		4567A48A19445F83004F888E /* Frameworks */ = {
			isa = PBXFrameworksBuildPhase;
			buildActionMask = 2147483647;
			files = (
			);
			runOnlyForDeploymentPostprocessing = 0;
		};
/* End PBXFrameworksBuildPhase section */

/* Begin PBXGroup section */
		4567A47219445F83004F888E = {
			isa = PBXGroup;
			children = (
				4567A47D19445F83004F888E /* Matchismo-Swift */,
				4567A49019445F83004F888E /* Matchismo-SwiftTests */,
				4567A47C19445F83004F888E /* Products */,
			);
			sourceTree = "<group>";
		};
		4567A47C19445F83004F888E /* Products */ = {
			isa = PBXGroup;
			children = (
				4567A47B19445F83004F888E /* Matchismo-Swift.app */,
				4567A48D19445F83004F888E /* Matchismo-SwiftTests.xctest */,
			);
			name = Products;
			sourceTree = "<group>";
		};
		4567A47D19445F83004F888E /* Matchismo-Swift */ = {
			isa = PBXGroup;
			children = (
				4567A48019445F83004F888E /* AppDelegate.swift */,
				4567A48219445F83004F888E /* ViewController.swift */,
				4567A48419445F83004F888E /* Main.storyboard */,
				4567A48719445F83004F888E /* Images.xcassets */,
				4567A47E19445F83004F888E /* Supporting Files */,
			);
			path = "Matchismo-Swift";
			sourceTree = "<group>";
		};
		4567A47E19445F83004F888E /* Supporting Files */ = {
			isa = PBXGroup;
			children = (
				4567A4AD194460AE004F888E /* Card.swift */,
				4567A4AB1944604C004F888E /* PlayingCard.swift */,
				4567A47F19445F83004F888E /* Info.plist */,
			);
			name = "Supporting Files";
			sourceTree = "<group>";
		};
		4567A49019445F83004F888E /* Matchismo-SwiftTests */ = {
			isa = PBXGroup;
			children = (
				4567A49319445F83004F888E /* Matchismo_SwiftTests.swift */,
				4567A49119445F83004F888E /* Supporting Files */,
			);
			path = "Matchismo-SwiftTests";
			sourceTree = "<group>";
		};
		4567A49119445F83004F888E /* Supporting Files */ = {
			isa = PBXGroup;
			children = (
				4567A49219445F83004F888E /* Info.plist */,
			);
			name = "Supporting Files";
			sourceTree = "<group>";
		};
/* End PBXGroup section */

/* Begin PBXNativeTarget section */
		4567A47A19445F83004F888E /* Matchismo-Swift */ = {
			isa = PBXNativeTarget;
			buildConfigurationList = 4567A49719445F83004F888E /* Build configuration list for PBXNativeTarget "Matchismo-Swift" */;
			buildPhases = (
				4567A47719445F83004F888E /* Sources */,
				4567A47819445F83004F888E /* Frameworks */,
				4567A47919445F83004F888E /* Resources */,
			);
			buildRules = (
			);
			dependencies = (
			);
			name = "Matchismo-Swift";
			productName = "Matchismo-Swift";
			productReference = 4567A47B19445F83004F888E /* Matchismo-Swift.app */;
			productType = "com.apple.product-type.application";
		};
		4567A48C19445F83004F888E /* Matchismo-SwiftTests */ = {
			isa = PBXNativeTarget;
			buildConfigurationList = 4567A49A19445F83004F888E /* Build configuration list for PBXNativeTarget "Matchismo-SwiftTests" */;
			buildPhases = (
				4567A48919445F83004F888E /* Sources */,
				4567A48A19445F83004F888E /* Frameworks */,
				4567A48B19445F83004F888E /* Resources */,
			);
			buildRules = (
			);
			dependencies = (
				4567A48F19445F83004F888E /* PBXTargetDependency */,
			);
			name = "Matchismo-SwiftTests";
			productName = "Matchismo-SwiftTests";
			productReference = 4567A48D19445F83004F888E /* Matchismo-SwiftTests.xctest */;
			productType = "com.apple.product-type.bundle.unit-test";
		};
/* End PBXNativeTarget section */

/* Begin PBXProject section */
		4567A47319445F83004F888E /* Project object */ = {
			isa = PBXProject;
			attributes = {
				LastUpgradeCheck = 0600;
				ORGANIZATIONNAME = "Atharv Vaish";
				TargetAttributes = {
					4567A47A19445F83004F888E = {
						CreatedOnToolsVersion = 6.0;
					};
					4567A48C19445F83004F888E = {
						CreatedOnToolsVersion = 6.0;
						TestTargetID = 4567A47A19445F83004F888E;
					};
				};
			};
			buildConfigurationList = 4567A47619445F83004F888E /* Build configuration list for PBXProject "Matchismo-Swift" */;
			compatibilityVersion = "Xcode 3.2";
			developmentRegion = English;
			hasScannedForEncodings = 0;
			knownRegions = (
				en,
				Base,
			);
			mainGroup = 4567A47219445F83004F888E;
			productRefGroup = 4567A47C19445F83004F888E /* Products */;
			projectDirPath = "";
			projectRoot = "";
			targets = (
				4567A47A19445F83004F888E /* Matchismo-Swift */,
				4567A48C19445F83004F888E /* Matchismo-SwiftTests */,
			);
		};
/* End PBXProject section */

/* Begin PBXResourcesBuildPhase section */
		4567A47919445F83004F888E /* Resources */ = {
			isa = PBXResourcesBuildPhase;
			buildActionMask = 2147483647;
			files = (
				4567A48619445F83004F888E /* Main.storyboard in Resources */,
				4567A48819445F83004F888E /* Images.xcassets in Resources */,
			);
			runOnlyForDeploymentPostprocessing = 0;
		};
		4567A48B19445F83004F888E /* Resources */ = {
			isa = PBXResourcesBuildPhase;
			buildActionMask = 2147483647;
			files = (
			);
			runOnlyForDeploymentPostprocessing = 0;
		};
/* End PBXResourcesBuildPhase section */

/* Begin PBXSourcesBuildPhase section */
		4567A47719445F83004F888E /* Sources */ = {
			isa = PBXSourcesBuildPhase;
			buildActionMask = 2147483647;
			files = (
				4567A48319445F83004F888E /* ViewController.swift in Sources */,
				4567A48119445F83004F888E /* AppDelegate.swift in Sources */,
				4567A4AC1944604C004F888E /* PlayingCard.swift in Sources */,
				4567A4AE194460AE004F888E /* Card.swift in Sources */,
			);
			runOnlyForDeploymentPostprocessing = 0;
		};
		4567A48919445F83004F888E /* Sources */ = {
			isa = PBXSourcesBuildPhase;
			buildActionMask = 2147483647;
			files = (
				4567A49419445F83004F888E /* Matchismo_SwiftTests.swift in Sources */,
			);
			runOnlyForDeploymentPostprocessing = 0;
		};
/* End PBXSourcesBuildPhase section */

/* Begin PBXTargetDependency section */
		4567A48F19445F83004F888E /* PBXTargetDependency */ = {
			isa = PBXTargetDependency;
			target = 4567A47A19445F83004F888E /* Matchismo-Swift */;
			targetProxy = 4567A48E19445F83004F888E /* PBXContainerItemProxy */;
		};
/* End PBXTargetDependency section */

/* Begin PBXVariantGroup section */
		4567A48419445F83004F888E /* Main.storyboard */ = {
			isa = PBXVariantGroup;
			children = (
				4567A48519445F83004F888E /* Base */,
			);
			name = Main.storyboard;
			sourceTree = "<group>";
		};
/* End PBXVariantGroup section */

/* Begin XCBuildConfiguration section */
		4567A49519445F83004F888E /* Debug */ = {
			isa = XCBuildConfiguration;
			buildSettings = {
				ALWAYS_SEARCH_USER_PATHS = NO;
				CLANG_CXX_LANGUAGE_STANDARD = "gnu++0x";
				CLANG_CXX_LIBRARY = "libc++";
				CLANG_ENABLE_MODULES = YES;
				CLANG_ENABLE_OBJC_ARC = YES;
				CLANG_WARN_BOOL_CONVERSION = YES;
				CLANG_WARN_CONSTANT_CONVERSION = YES;
				CLANG_WARN_DIRECT_OBJC_ISA_USAGE = YES_ERROR;
				CLANG_WARN_EMPTY_BODY = YES;
				CLANG_WARN_ENUM_CONVERSION = YES;
				CLANG_WARN_INT_CONVERSION = YES;
				CLANG_WARN_OBJC_ROOT_CLASS = YES_ERROR;
				CLANG_WARN_UNREACHABLE_CODE = YES;
				CLANG_WARN__DUPLICATE_METHOD_MATCH = YES;
				"CODE_SIGN_IDENTITY[sdk=iphoneos*]" = "iPhone Developer";
				COPY_PHASE_STRIP = NO;
				ENABLE_STRICT_OBJC_MSGSEND = YES;
				GCC_C_LANGUAGE_STANDARD = gnu99;
				GCC_DYNAMIC_NO_PIC = NO;
				GCC_OPTIMIZATION_LEVEL = 0;
				GCC_PREPROCESSOR_DEFINITIONS = (
					"DEBUG=1",
					"$(inherited)",
				);
				GCC_SYMBOLS_PRIVATE_EXTERN = NO;
				GCC_WARN_64_TO_32_BIT_CONVERSION = YES;
				GCC_WARN_ABOUT_RETURN_TYPE = YES_ERROR;
				GCC_WARN_UNDECLARED_SELECTOR = YES;
				GCC_WARN_UNINITIALIZED_AUTOS = YES_AGGRESSIVE;
				GCC_WARN_UNUSED_FUNCTION = YES;
				GCC_WARN_UNUSED_VARIABLE = YES;
				IPHONEOS_DEPLOYMENT_TARGET = 8.0;
				METAL_ENABLE_DEBUG_INFO = YES;
				ONLY_ACTIVE_ARCH = YES;
				SDKROOT = iphoneos;
				SWIFT_OPTIMIZATION_LEVEL = "-Onone";
			};
			name = Debug;
		};
		4567A49619445F83004F888E /* Release */ = {
			isa = XCBuildConfiguration;
			buildSettings = {
				ALWAYS_SEARCH_USER_PATHS = NO;
				CLANG_CXX_LANGUAGE_STANDARD = "gnu++0x";
				CLANG_CXX_LIBRARY = "libc++";
				CLANG_ENABLE_MODULES = YES;
				CLANG_ENABLE_OBJC_ARC = YES;
				CLANG_WARN_BOOL_CONVERSION = YES;
				CLANG_WARN_CONSTANT_CONVERSION = YES;
				CLANG_WARN_DIRECT_OBJC_ISA_USAGE = YES_ERROR;
				CLANG_WARN_EMPTY_BODY = YES;
				CLANG_WARN_ENUM_CONVERSION = YES;
				CLANG_WARN_INT_CONVERSION = YES;
				CLANG_WARN_OBJC_ROOT_CLASS = YES_ERROR;
				CLANG_WARN_UNREACHABLE_CODE = YES;
				CLANG_WARN__DUPLICATE_METHOD_MATCH = YES;
				"CODE_SIGN_IDENTITY[sdk=iphoneos*]" = "iPhone Developer";
				COPY_PHASE_STRIP = YES;
				ENABLE_NS_ASSERTIONS = NO;
				ENABLE_STRICT_OBJC_MSGSEND = YES;
				GCC_C_LANGUAGE_STANDARD = gnu99;
				GCC_WARN_64_TO_32_BIT_CONVERSION = YES;
				GCC_WARN_ABOUT_RETURN_TYPE = YES_ERROR;
				GCC_WARN_UNDECLARED_SELECTOR = YES;
				GCC_WARN_UNINITIALIZED_AUTOS = YES_AGGRESSIVE;
				GCC_WARN_UNUSED_FUNCTION = YES;
				GCC_WARN_UNUSED_VARIABLE = YES;
				IPHONEOS_DEPLOYMENT_TARGET = 8.0;
				METAL_ENABLE_DEBUG_INFO = NO;
				SDKROOT = iphoneos;
				VALIDATE_PRODUCT = YES;
			};
			name = Release;
		};
		4567A49819445F83004F888E /* Debug */ = {
			isa = XCBuildConfiguration;
			buildSettings = {
				ASSETCATALOG_COMPILER_APPICON_NAME = AppIcon;
				ASSETCATALOG_COMPILER_LAUNCHIMAGE_NAME = LaunchImage;
				INFOPLIST_FILE = "Matchismo-Swift/Info.plist";
				LD_RUNPATH_SEARCH_PATHS = "$(inherited) @executable_path/Frameworks";
				PRODUCT_NAME = "$(TARGET_NAME)";
			};
			name = Debug;
		};
		4567A49919445F83004F888E /* Release */ = {
			isa = XCBuildConfiguration;
			buildSettings = {
				ASSETCATALOG_COMPILER_APPICON_NAME = AppIcon;
				ASSETCATALOG_COMPILER_LAUNCHIMAGE_NAME = LaunchImage;
				INFOPLIST_FILE = "Matchismo-Swift/Info.plist";
				LD_RUNPATH_SEARCH_PATHS = "$(inherited) @executable_path/Frameworks";
				PRODUCT_NAME = "$(TARGET_NAME)";
			};
			name = Release;
		};
		4567A49B19445F83004F888E /* Debug */ = {
			isa = XCBuildConfiguration;
			buildSettings = {
				BUNDLE_LOADER = "$(BUILT_PRODUCTS_DIR)/Matchismo-Swift.app/Matchismo-Swift";
				FRAMEWORK_SEARCH_PATHS = (
					"$(SDKROOT)/Developer/Library/Frameworks",
					"$(inherited)",
				);
				GCC_PREPROCESSOR_DEFINITIONS = (
					"DEBUG=1",
					"$(inherited)",
				);
				INFOPLIST_FILE = "Matchismo-SwiftTests/Info.plist";
				LD_RUNPATH_SEARCH_PATHS = "$(inherited) @executable_path/Frameworks @loader_path/Frameworks";
				METAL_ENABLE_DEBUG_INFO = YES;
				PRODUCT_NAME = "$(TARGET_NAME)";
				TEST_HOST = "$(BUNDLE_LOADER)";
			};
			name = Debug;
		};
		4567A49C19445F83004F888E /* Release */ = {
			isa = XCBuildConfiguration;
			buildSettings = {
				BUNDLE_LOADER = "$(BUILT_PRODUCTS_DIR)/Matchismo-Swift.app/Matchismo-Swift";
				FRAMEWORK_SEARCH_PATHS = (
					"$(SDKROOT)/Developer/Library/Frameworks",
					"$(inherited)",
				);
				INFOPLIST_FILE = "Matchismo-SwiftTests/Info.plist";
				LD_RUNPATH_SEARCH_PATHS = "$(inherited) @executable_path/Frameworks @loader_path/Frameworks";
				METAL_ENABLE_DEBUG_INFO = NO;
				PRODUCT_NAME = "$(TARGET_NAME)";
				TEST_HOST = "$(BUNDLE_LOADER)";
			};
			name = Release;
		};
/* End XCBuildConfiguration section */

/* Begin XCConfigurationList section */
		4567A47619445F83004F888E /* Build configuration list for PBXProject "Matchismo-Swift" */ = {
			isa = XCConfigurationList;
			buildConfigurations = (
				4567A49519445F83004F888E /* Debug */,
				4567A49619445F83004F888E /* Release */,
			);
			defaultConfigurationIsVisible = 0;
			defaultConfigurationName = Release;
		};
		4567A49719445F83004F888E /* Build configuration list for PBXNativeTarget "Matchismo-Swift" */ = {
			isa = XCConfigurationList;
			buildConfigurations = (
				4567A49819445F83004F888E /* Debug */,
				4567A49919445F83004F888E /* Release */,
			);
			defaultConfigurationIsVisible = 0;
		};
		4567A49A19445F83004F888E /* Build configuration list for PBXNativeTarget "Matchismo-SwiftTests" */ = {
			isa = XCConfigurationList;
			buildConfigurations = (
				4567A49B19445F83004F888E /* Debug */,
				4567A49C19445F83004F888E /* Release */,
			);
			defaultConfigurationIsVisible = 0;
		};
/* End XCConfigurationList section */
	};
	rootObject = 4567A47319445F83004F888E /* Project object */;
}
